
Microsoft Visual Studio Solution File, Format Version 12.00
# Visual Studio Version 17
VisualStudioVersion = 17.6.33829.357
MinimumVisualStudioVersion = 10.0.40219.1
Project("{FAE04EC0-301F-11D3-BF4B-00C04F79EFBC}") = "MvcMovie", "MvcMovie\MvcMovie.csproj", "{159CE8E4-EF3E-43EA-AD85-6D62A07D69C7}"
EndProject
Global
	GlobalSection(SolutionConfigurationPlatforms) = preSolution
		Debug|Any CPU = Debug|Any CPU
		Release|Any CPU = Release|Any CPU
	EndGlobalSection
	GlobalSection(ProjectConfigurationPlatforms) = postSolution
		{159CE8E4-EF3E-43EA-AD85-6D62A07D69C7}.Debug|Any CPU.ActiveCfg = Debug|Any CPU
		{159CE8E4-EF3E-43EA-AD85-6D62A07D69C7}.Debug|Any CPU.Build.0 = Debug|Any CPU
		{159CE8E4-EF3E-43EA-AD85-6D62A07D69C7}.Release|Any CPU.ActiveCfg = Release|Any CPU
		{159CE8E4-EF3E-43EA-AD85-6D62A07D69C7}.Release|Any CPU.Build.0 = Release|Any CPU
	EndGlobalSection
	GlobalSection(SolutionProperties) = preSolution
		HideSolutionNode = FALSE
	EndGlobalSection
	GlobalSection(ExtensibilityGlobals) = postSolution
		SolutionGuid = {1024DB84-50F8-45AF-A1CC-011B11BA26B1}
	EndGlobalSection
EndGlobal
